
Microsoft Visual Studio Solution File, Format Version 12.00
# Visual Studio Version 17
VisualStudioVersion = 17.8.34330.188
MinimumVisualStudioVersion = 10.0.40219.1
Project("{FAE04EC0-301F-11D3-BF4B-00C04F79EFBC}") = "D10E2", "D10E2.csproj", "{6AC00CB5-2C1B-4FB5-8185-7AD2E13B9A5C}"
EndProject
Global
	GlobalSection(SolutionConfigurationPlatforms) = preSolution
		Debug|Any CPU = Debug|Any CPU
		Release|Any CPU = Release|Any CPU
	EndGlobalSection
	GlobalSection(ProjectConfigurationPlatforms) = postSolution
		{6AC00CB5-2C1B-4FB5-8185-7AD2E13B9A5C}.Debug|Any CPU.ActiveCfg = Debug|Any CPU
		{6AC00CB5-2C1B-4FB5-8185-7AD2E13B9A5C}.Debug|Any CPU.Build.0 = Debug|Any CPU
		{6AC00CB5-2C1B-4FB5-8185-7AD2E13B9A5C}.Release|Any CPU.ActiveCfg = Release|Any CPU
		{6AC00CB5-2C1B-4FB5-8185-7AD2E13B9A5C}.Release|Any CPU.Build.0 = Release|Any CPU
	EndGlobalSection
	GlobalSection(SolutionProperties) = preSolution
		HideSolutionNode = FALSE
	EndGlobalSection
	GlobalSection(ExtensibilityGlobals) = postSolution
		SolutionGuid = {CD86E2A5-1D9C-43DB-9FBD-5B45A481EA62}
	EndGlobalSection
EndGlobal
