
Microsoft Visual Studio Solution File, Format Version 12.00
# Visual Studio Version 17
VisualStudioVersion = 17.8.34330.188
MinimumVisualStudioVersion = 10.0.40219.1
Project("{FAE04EC0-301F-11D3-BF4B-00C04F79EFBC}") = "D13E1", "D13E1.csproj", "{294F7081-99DF-4A2D-ABE4-F9EE92C67B53}"
EndProject
Global
	GlobalSection(SolutionConfigurationPlatforms) = preSolution
		Debug|Any CPU = Debug|Any CPU
		Release|Any CPU = Release|Any CPU
	EndGlobalSection
	GlobalSection(ProjectConfigurationPlatforms) = postSolution
		{294F7081-99DF-4A2D-ABE4-F9EE92C67B53}.Debug|Any CPU.ActiveCfg = Debug|Any CPU
		{294F7081-99DF-4A2D-ABE4-F9EE92C67B53}.Debug|Any CPU.Build.0 = Debug|Any CPU
		{294F7081-99DF-4A2D-ABE4-F9EE92C67B53}.Release|Any CPU.ActiveCfg = Release|Any CPU
		{294F7081-99DF-4A2D-ABE4-F9EE92C67B53}.Release|Any CPU.Build.0 = Release|Any CPU
	EndGlobalSection
	GlobalSection(SolutionProperties) = preSolution
		HideSolutionNode = FALSE
	EndGlobalSection
	GlobalSection(ExtensibilityGlobals) = postSolution
		SolutionGuid = {40DACBB1-C458-4E95-ACD5-C73F2E11AE08}
	EndGlobalSection
EndGlobal
