
Microsoft Visual Studio Solution File, Format Version 12.00
# Visual Studio Version 17
VisualStudioVersion = 17.8.34322.80
MinimumVisualStudioVersion = 10.0.40219.1
Project("{FAE04EC0-301F-11D3-BF4B-00C04F79EFBC}") = "D02E1", "D02E1.csproj", "{22E3397B-0DA2-42C5-A9DE-43173EB3137E}"
EndProject
Global
	GlobalSection(SolutionConfigurationPlatforms) = preSolution
		Debug|Any CPU = Debug|Any CPU
		Release|Any CPU = Release|Any CPU
	EndGlobalSection
	GlobalSection(ProjectConfigurationPlatforms) = postSolution
		{22E3397B-0DA2-42C5-A9DE-43173EB3137E}.Debug|Any CPU.ActiveCfg = Debug|Any CPU
		{22E3397B-0DA2-42C5-A9DE-43173EB3137E}.Debug|Any CPU.Build.0 = Debug|Any CPU
		{22E3397B-0DA2-42C5-A9DE-43173EB3137E}.Release|Any CPU.ActiveCfg = Release|Any CPU
		{22E3397B-0DA2-42C5-A9DE-43173EB3137E}.Release|Any CPU.Build.0 = Release|Any CPU
	EndGlobalSection
	GlobalSection(SolutionProperties) = preSolution
		HideSolutionNode = FALSE
	EndGlobalSection
	GlobalSection(ExtensibilityGlobals) = postSolution
		SolutionGuid = {1934111A-EF95-40A2-8C0F-CDFD86B0C913}
	EndGlobalSection
EndGlobal
