
Microsoft Visual Studio Solution File, Format Version 12.00
# Visual Studio Version 17
VisualStudioVersion = 17.8.34330.188
MinimumVisualStudioVersion = 10.0.40219.1
Project("{FAE04EC0-301F-11D3-BF4B-00C04F79EFBC}") = "D10E1", "D10E1.csproj", "{0DE468A4-6B7A-4D93-B710-D9AF2EE1E44E}"
EndProject
Global
	GlobalSection(SolutionConfigurationPlatforms) = preSolution
		Debug|Any CPU = Debug|Any CPU
		Release|Any CPU = Release|Any CPU
	EndGlobalSection
	GlobalSection(ProjectConfigurationPlatforms) = postSolution
		{0DE468A4-6B7A-4D93-B710-D9AF2EE1E44E}.Debug|Any CPU.ActiveCfg = Debug|Any CPU
		{0DE468A4-6B7A-4D93-B710-D9AF2EE1E44E}.Debug|Any CPU.Build.0 = Debug|Any CPU
		{0DE468A4-6B7A-4D93-B710-D9AF2EE1E44E}.Release|Any CPU.ActiveCfg = Release|Any CPU
		{0DE468A4-6B7A-4D93-B710-D9AF2EE1E44E}.Release|Any CPU.Build.0 = Release|Any CPU
	EndGlobalSection
	GlobalSection(SolutionProperties) = preSolution
		HideSolutionNode = FALSE
	EndGlobalSection
	GlobalSection(ExtensibilityGlobals) = postSolution
		SolutionGuid = {49A993BC-EBD6-467B-A54C-2858E600647F}
	EndGlobalSection
EndGlobal
