
Microsoft Visual Studio Solution File, Format Version 12.00
# Visual Studio Version 17
VisualStudioVersion = 17.8.34322.80
MinimumVisualStudioVersion = 10.0.40219.1
Project("{FAE04EC0-301F-11D3-BF4B-00C04F79EFBC}") = "D02E2", "D02E2.csproj", "{23C51205-9158-4F03-8128-595CAF0E8247}"
EndProject
Global
	GlobalSection(SolutionConfigurationPlatforms) = preSolution
		Debug|Any CPU = Debug|Any CPU
		Release|Any CPU = Release|Any CPU
	EndGlobalSection
	GlobalSection(ProjectConfigurationPlatforms) = postSolution
		{23C51205-9158-4F03-8128-595CAF0E8247}.Debug|Any CPU.ActiveCfg = Debug|Any CPU
		{23C51205-9158-4F03-8128-595CAF0E8247}.Debug|Any CPU.Build.0 = Debug|Any CPU
		{23C51205-9158-4F03-8128-595CAF0E8247}.Release|Any CPU.ActiveCfg = Release|Any CPU
		{23C51205-9158-4F03-8128-595CAF0E8247}.Release|Any CPU.Build.0 = Release|Any CPU
	EndGlobalSection
	GlobalSection(SolutionProperties) = preSolution
		HideSolutionNode = FALSE
	EndGlobalSection
	GlobalSection(ExtensibilityGlobals) = postSolution
		SolutionGuid = {E925BFFE-2B77-4925-B04E-329658F00D78}
	EndGlobalSection
EndGlobal
