
Microsoft Visual Studio Solution File, Format Version 12.00
# Visual Studio Version 17
VisualStudioVersion = 17.8.34322.80
MinimumVisualStudioVersion = 10.0.40219.1
Project("{FAE04EC0-301F-11D3-BF4B-00C04F79EFBC}") = "D03E2", "D03E2.csproj", "{45C14583-D4EE-4278-80DB-16FE1A322383}"
EndProject
Global
	GlobalSection(SolutionConfigurationPlatforms) = preSolution
		Debug|Any CPU = Debug|Any CPU
		Release|Any CPU = Release|Any CPU
	EndGlobalSection
	GlobalSection(ProjectConfigurationPlatforms) = postSolution
		{45C14583-D4EE-4278-80DB-16FE1A322383}.Debug|Any CPU.ActiveCfg = Debug|Any CPU
		{45C14583-D4EE-4278-80DB-16FE1A322383}.Debug|Any CPU.Build.0 = Debug|Any CPU
		{45C14583-D4EE-4278-80DB-16FE1A322383}.Release|Any CPU.ActiveCfg = Release|Any CPU
		{45C14583-D4EE-4278-80DB-16FE1A322383}.Release|Any CPU.Build.0 = Release|Any CPU
	EndGlobalSection
	GlobalSection(SolutionProperties) = preSolution
		HideSolutionNode = FALSE
	EndGlobalSection
	GlobalSection(ExtensibilityGlobals) = postSolution
		SolutionGuid = {6A0A369C-3876-4023-9679-995B9DE53C59}
	EndGlobalSection
EndGlobal
