
Microsoft Visual Studio Solution File, Format Version 12.00
# Visual Studio Version 17
VisualStudioVersion = 17.8.34330.188
MinimumVisualStudioVersion = 10.0.40219.1
Project("{FAE04EC0-301F-11D3-BF4B-00C04F79EFBC}") = "D12E1", "D12E1.csproj", "{EABA1297-FCCA-4AD8-8F81-1B4CD2A9B9DB}"
EndProject
Global
	GlobalSection(SolutionConfigurationPlatforms) = preSolution
		Debug|Any CPU = Debug|Any CPU
		Release|Any CPU = Release|Any CPU
	EndGlobalSection
	GlobalSection(ProjectConfigurationPlatforms) = postSolution
		{EABA1297-FCCA-4AD8-8F81-1B4CD2A9B9DB}.Debug|Any CPU.ActiveCfg = Debug|Any CPU
		{EABA1297-FCCA-4AD8-8F81-1B4CD2A9B9DB}.Debug|Any CPU.Build.0 = Debug|Any CPU
		{EABA1297-FCCA-4AD8-8F81-1B4CD2A9B9DB}.Release|Any CPU.ActiveCfg = Release|Any CPU
		{EABA1297-FCCA-4AD8-8F81-1B4CD2A9B9DB}.Release|Any CPU.Build.0 = Release|Any CPU
	EndGlobalSection
	GlobalSection(SolutionProperties) = preSolution
		HideSolutionNode = FALSE
	EndGlobalSection
	GlobalSection(ExtensibilityGlobals) = postSolution
		SolutionGuid = {B9657313-5579-4A98-BA93-647EF9EDB17A}
	EndGlobalSection
EndGlobal
