
Microsoft Visual Studio Solution File, Format Version 12.00
# Visual Studio Version 17
VisualStudioVersion = 17.8.34322.80
MinimumVisualStudioVersion = 10.0.40219.1
Project("{FAE04EC0-301F-11D3-BF4B-00C04F79EFBC}") = "D01E2", "D01E2.csproj", "{487E30AD-FDE9-4A77-AEA3-137635EFB040}"
EndProject
Global
	GlobalSection(SolutionConfigurationPlatforms) = preSolution
		Debug|Any CPU = Debug|Any CPU
		Release|Any CPU = Release|Any CPU
	EndGlobalSection
	GlobalSection(ProjectConfigurationPlatforms) = postSolution
		{487E30AD-FDE9-4A77-AEA3-137635EFB040}.Debug|Any CPU.ActiveCfg = Debug|Any CPU
		{487E30AD-FDE9-4A77-AEA3-137635EFB040}.Debug|Any CPU.Build.0 = Debug|Any CPU
		{487E30AD-FDE9-4A77-AEA3-137635EFB040}.Release|Any CPU.ActiveCfg = Release|Any CPU
		{487E30AD-FDE9-4A77-AEA3-137635EFB040}.Release|Any CPU.Build.0 = Release|Any CPU
	EndGlobalSection
	GlobalSection(SolutionProperties) = preSolution
		HideSolutionNode = FALSE
	EndGlobalSection
	GlobalSection(ExtensibilityGlobals) = postSolution
		SolutionGuid = {D349B507-1BC3-43C6-AF22-03C7288D4CFC}
	EndGlobalSection
EndGlobal
