
Microsoft Visual Studio Solution File, Format Version 12.00
# Visual Studio Version 17
VisualStudioVersion = 17.8.34322.80
MinimumVisualStudioVersion = 10.0.40219.1
Project("{FAE04EC0-301F-11D3-BF4B-00C04F79EFBC}") = "D04E2", "D04E2.csproj", "{4B6CD366-B5F5-4356-87A0-19DEAACCF5ED}"
EndProject
Global
	GlobalSection(SolutionConfigurationPlatforms) = preSolution
		Debug|Any CPU = Debug|Any CPU
		Release|Any CPU = Release|Any CPU
	EndGlobalSection
	GlobalSection(ProjectConfigurationPlatforms) = postSolution
		{4B6CD366-B5F5-4356-87A0-19DEAACCF5ED}.Debug|Any CPU.ActiveCfg = Debug|Any CPU
		{4B6CD366-B5F5-4356-87A0-19DEAACCF5ED}.Debug|Any CPU.Build.0 = Debug|Any CPU
		{4B6CD366-B5F5-4356-87A0-19DEAACCF5ED}.Release|Any CPU.ActiveCfg = Release|Any CPU
		{4B6CD366-B5F5-4356-87A0-19DEAACCF5ED}.Release|Any CPU.Build.0 = Release|Any CPU
	EndGlobalSection
	GlobalSection(SolutionProperties) = preSolution
		HideSolutionNode = FALSE
	EndGlobalSection
	GlobalSection(ExtensibilityGlobals) = postSolution
		SolutionGuid = {D2C14BA8-EB18-46B7-98FF-325E26F3FB35}
	EndGlobalSection
EndGlobal
