
Microsoft Visual Studio Solution File, Format Version 12.00
# Visual Studio Version 17
VisualStudioVersion = 17.8.34330.188
MinimumVisualStudioVersion = 10.0.40219.1
Project("{FAE04EC0-301F-11D3-BF4B-00C04F79EFBC}") = "D07E1", "D07E1.csproj", "{288EC692-0E3F-4378-B278-2802C287001C}"
EndProject
Global
	GlobalSection(SolutionConfigurationPlatforms) = preSolution
		Debug|Any CPU = Debug|Any CPU
		Release|Any CPU = Release|Any CPU
	EndGlobalSection
	GlobalSection(ProjectConfigurationPlatforms) = postSolution
		{288EC692-0E3F-4378-B278-2802C287001C}.Debug|Any CPU.ActiveCfg = Debug|Any CPU
		{288EC692-0E3F-4378-B278-2802C287001C}.Debug|Any CPU.Build.0 = Debug|Any CPU
		{288EC692-0E3F-4378-B278-2802C287001C}.Release|Any CPU.ActiveCfg = Release|Any CPU
		{288EC692-0E3F-4378-B278-2802C287001C}.Release|Any CPU.Build.0 = Release|Any CPU
	EndGlobalSection
	GlobalSection(SolutionProperties) = preSolution
		HideSolutionNode = FALSE
	EndGlobalSection
	GlobalSection(ExtensibilityGlobals) = postSolution
		SolutionGuid = {79F8A235-46B9-430B-804E-C05993239371}
	EndGlobalSection
EndGlobal
